# THIS IS AN AUTOGENERATED FILE. DO NOT EDIT THIS FILE DIRECTLY.
# yarn lockfile v1


"@wexample/js-app@^0.0.8":
  version "0.0.8"
  resolved "https://registry.yarnpkg.com/@wexample/js-app/-/js-app-0.0.8.tgz#3f915c4443d48e287d8082c1e4877430f9121734"
  integrity sha512-NXhAC5em22qgM1lr0wB+Ge3EO36xN664J6zp9rkm1q35zTLGE8BPeCUl1aqHtBMasRRdBV4Yz08OII6MONwX0Q==

typescript@^5.0.0:
  version "5.9.3"
  resolved "https://registry.yarnpkg.com/typescript/-/typescript-5.9.3.tgz#5b4f59e15310ab17a216f5d6cf53ee476ede670f"
  integrity sha512-jl1vZzPDinLr9eUt3J/t7V6FgNEw9QjvBPdysz9KfQDD41fQrC2Y4vKQdiaUpFT4bXlb1RHhLpp8wtm6M5TgSw==
